
Microsoft Visual Studio Solution File, Format Version 12.00
# Visual Studio 15
Project("{FAE04EC0-301F-11D3-BF4B-00C04F79EFBC}") = "MasterDetailShellIssue.Android", "MasterDetailShellIssue.Android\MasterDetailShellIssue.Android.csproj", "{68B25864-9384-4A3B-A708-7AE83E168B45}"
EndProject
Project("{FAE04EC0-301F-11D3-BF4B-00C04F79EFBC}") = "MasterDetailShellIssue.iOS", "MasterDetailShellIssue.iOS\MasterDetailShellIssue.iOS.csproj", "{687418A9-9B04-4B4D-AFEC-FAB943935B94}"
EndProject
Project("{FAE04EC0-301F-11D3-BF4B-00C04F79EFBC}") = "MasterDetailShellIssue", "MasterDetailShellIssue\MasterDetailShellIssue.csproj", "{C40224C0-4E22-4F11-BF49-6011B03446EC}"
EndProject
Global
	GlobalSection(SolutionConfigurationPlatforms) = preSolution
		Debug|Any CPU = Debug|Any CPU
		Release|Any CPU = Release|Any CPU
		Debug|iPhoneSimulator = Debug|iPhoneSimulator
		Release|iPhoneSimulator = Release|iPhoneSimulator
		Debug|iPhone = Debug|iPhone
		Release|iPhone = Release|iPhone
	EndGlobalSection
	GlobalSection(ProjectConfigurationPlatforms) = postSolution
		{68B25864-9384-4A3B-A708-7AE83E168B45}.Debug|Any CPU.ActiveCfg = Debug|Any CPU
		{68B25864-9384-4A3B-A708-7AE83E168B45}.Debug|Any CPU.Build.0 = Debug|Any CPU
		{68B25864-9384-4A3B-A708-7AE83E168B45}.Release|Any CPU.ActiveCfg = Release|Any CPU
		{68B25864-9384-4A3B-A708-7AE83E168B45}.Release|Any CPU.Build.0 = Release|Any CPU
		{68B25864-9384-4A3B-A708-7AE83E168B45}.Debug|iPhoneSimulator.ActiveCfg = Debug|Any CPU
		{68B25864-9384-4A3B-A708-7AE83E168B45}.Debug|iPhoneSimulator.Build.0 = Debug|Any CPU
		{68B25864-9384-4A3B-A708-7AE83E168B45}.Release|iPhoneSimulator.ActiveCfg = Release|Any CPU
		{68B25864-9384-4A3B-A708-7AE83E168B45}.Release|iPhoneSimulator.Build.0 = Release|Any CPU
		{68B25864-9384-4A3B-A708-7AE83E168B45}.Debug|iPhone.ActiveCfg = Debug|Any CPU
		{68B25864-9384-4A3B-A708-7AE83E168B45}.Debug|iPhone.Build.0 = Debug|Any CPU
		{68B25864-9384-4A3B-A708-7AE83E168B45}.Release|iPhone.ActiveCfg = Release|Any CPU
		{68B25864-9384-4A3B-A708-7AE83E168B45}.Release|iPhone.Build.0 = Release|Any CPU
		{687418A9-9B04-4B4D-AFEC-FAB943935B94}.Debug|Any CPU.ActiveCfg = Debug|iPhoneSimulator
		{687418A9-9B04-4B4D-AFEC-FAB943935B94}.Debug|Any CPU.Build.0 = Debug|iPhoneSimulator
		{687418A9-9B04-4B4D-AFEC-FAB943935B94}.Release|Any CPU.ActiveCfg = Release|iPhoneSimulator
		{687418A9-9B04-4B4D-AFEC-FAB943935B94}.Release|Any CPU.Build.0 = Release|iPhoneSimulator
		{687418A9-9B04-4B4D-AFEC-FAB943935B94}.Debug|iPhoneSimulator.ActiveCfg = Debug|iPhoneSimulator
		{687418A9-9B04-4B4D-AFEC-FAB943935B94}.Debug|iPhoneSimulator.Build.0 = Debug|iPhoneSimulator
		{687418A9-9B04-4B4D-AFEC-FAB943935B94}.Release|iPhoneSimulator.ActiveCfg = Release|iPhoneSimulator
		{687418A9-9B04-4B4D-AFEC-FAB943935B94}.Release|iPhoneSimulator.Build.0 = Release|iPhoneSimulator
		{687418A9-9B04-4B4D-AFEC-FAB943935B94}.Debug|iPhone.ActiveCfg = Debug|iPhone
		{687418A9-9B04-4B4D-AFEC-FAB943935B94}.Debug|iPhone.Build.0 = Debug|iPhone
		{687418A9-9B04-4B4D-AFEC-FAB943935B94}.Release|iPhone.ActiveCfg = Release|iPhone
		{687418A9-9B04-4B4D-AFEC-FAB943935B94}.Release|iPhone.Build.0 = Release|iPhone
		{C40224C0-4E22-4F11-BF49-6011B03446EC}.Debug|Any CPU.ActiveCfg = Debug|Any CPU
		{C40224C0-4E22-4F11-BF49-6011B03446EC}.Debug|Any CPU.Build.0 = Debug|Any CPU
		{C40224C0-4E22-4F11-BF49-6011B03446EC}.Release|Any CPU.ActiveCfg = Release|Any CPU
		{C40224C0-4E22-4F11-BF49-6011B03446EC}.Release|Any CPU.Build.0 = Release|Any CPU
		{C40224C0-4E22-4F11-BF49-6011B03446EC}.Debug|iPhoneSimulator.ActiveCfg = Debug|Any CPU
		{C40224C0-4E22-4F11-BF49-6011B03446EC}.Debug|iPhoneSimulator.Build.0 = Debug|Any CPU
		{C40224C0-4E22-4F11-BF49-6011B03446EC}.Release|iPhoneSimulator.ActiveCfg = Release|Any CPU
		{C40224C0-4E22-4F11-BF49-6011B03446EC}.Release|iPhoneSimulator.Build.0 = Release|Any CPU
		{C40224C0-4E22-4F11-BF49-6011B03446EC}.Debug|iPhone.ActiveCfg = Debug|Any CPU
		{C40224C0-4E22-4F11-BF49-6011B03446EC}.Debug|iPhone.Build.0 = Debug|Any CPU
		{C40224C0-4E22-4F11-BF49-6011B03446EC}.Release|iPhone.ActiveCfg = Release|Any CPU
		{C40224C0-4E22-4F11-BF49-6011B03446EC}.Release|iPhone.Build.0 = Release|Any CPU
	EndGlobalSection
EndGlobal
